
Microsoft Visual Studio Solution File, Format Version 12.00
# Visual Studio Version 16
VisualStudioVersion = 16.0.30717.126
MinimumVisualStudioVersion = 10.0.40219.1
Project("{2150E333-8FDC-42A3-9474-1A3956D46DE8}") = "src", "src", "{145B09E5-E8CF-4650-B3C0-33446948266D}"
EndProject
Project("{2150E333-8FDC-42A3-9474-1A3956D46DE8}") = "test", "test", "{9318632C-1C6C-491D-BF60-069EC9E5710B}"
EndProject
Project("{2150E333-8FDC-42A3-9474-1A3956D46DE8}") = ".global", ".global", "{A2FF5113-F3BF-4499-BD76-209A856307C7}"
	ProjectSection(SolutionItems) = preProject
		Package.cmd = Package.cmd
		ReadMe.md = ReadMe.md
	EndProjectSection
EndProject
Project("{FAE04EC0-301F-11D3-BF4B-00C04F79EFBC}") = "OrvilleX", "src\OrvilleX\OrvilleX.csproj", "{EDF5F583-9E56-4069-9D9E-5491309FB6A8}"
EndProject
Project("{2150E333-8FDC-42A3-9474-1A3956D46DE8}") = "docs", "docs", "{C95E47E7-C12B-4240-B2F8-4A928FC1A740}"
	ProjectSection(SolutionItems) = preProject
		docs\OrvilleX.md = docs\OrvilleX.md
		docs\OrvilleXAutoIndex.md = docs\OrvilleXAutoIndex.md
		docs\OrvilleXDependency.md = docs\OrvilleXDependency.md
		docs\OrvilleXEventBus.md = docs\OrvilleXEventBus.md
		docs\OrvilleXRedis.md = docs\OrvilleXRedis.md
	EndProjectSection
EndProject
Project("{FAE04EC0-301F-11D3-BF4B-00C04F79EFBC}") = "OrvilleX.Dapper", "src\OrvilleX.Dapper\OrvilleX.Dapper.csproj", "{E46AF3AA-AD46-47DE-9AB7-E24DC00F0FA2}"
EndProject
Project("{FAE04EC0-301F-11D3-BF4B-00C04F79EFBC}") = "OrvilleX.Cache", "src\OrvilleX.Cache\OrvilleX.Cache.csproj", "{A81D1DE4-C8C2-4630-AAE9-D625706999A9}"
EndProject
Project("{FAE04EC0-301F-11D3-BF4B-00C04F79EFBC}") = "OrvilleX.EventBus", "src\OrvilleX.EventBus\OrvilleX.EventBus.csproj", "{3BE1235A-2A75-442A-B32D-7AE36D83FE47}"
EndProject
Project("{FAE04EC0-301F-11D3-BF4B-00C04F79EFBC}") = "OrvilleX.AutoIndex", "src\OrvilleX.AutoIndex\OrvilleX.AutoIndex.csproj", "{4337B609-C2D1-4CB4-909F-3EE996D9CC57}"
EndProject
Project("{FAE04EC0-301F-11D3-BF4B-00C04F79EFBC}") = "OrvilleXTest", "test\OrvilleXTest\OrvilleXTest.csproj", "{C93F2136-633D-43D2-9293-3B4CD3AC5903}"
EndProject
Global
	GlobalSection(SolutionConfigurationPlatforms) = preSolution
		Debug|Any CPU = Debug|Any CPU
		Release|Any CPU = Release|Any CPU
	EndGlobalSection
	GlobalSection(ProjectConfigurationPlatforms) = postSolution
		{EDF5F583-9E56-4069-9D9E-5491309FB6A8}.Debug|Any CPU.ActiveCfg = Debug|Any CPU
		{EDF5F583-9E56-4069-9D9E-5491309FB6A8}.Debug|Any CPU.Build.0 = Debug|Any CPU
		{EDF5F583-9E56-4069-9D9E-5491309FB6A8}.Release|Any CPU.ActiveCfg = Release|Any CPU
		{EDF5F583-9E56-4069-9D9E-5491309FB6A8}.Release|Any CPU.Build.0 = Release|Any CPU
		{E46AF3AA-AD46-47DE-9AB7-E24DC00F0FA2}.Debug|Any CPU.ActiveCfg = Debug|Any CPU
		{E46AF3AA-AD46-47DE-9AB7-E24DC00F0FA2}.Debug|Any CPU.Build.0 = Debug|Any CPU
		{E46AF3AA-AD46-47DE-9AB7-E24DC00F0FA2}.Release|Any CPU.ActiveCfg = Release|Any CPU
		{E46AF3AA-AD46-47DE-9AB7-E24DC00F0FA2}.Release|Any CPU.Build.0 = Release|Any CPU
		{A81D1DE4-C8C2-4630-AAE9-D625706999A9}.Debug|Any CPU.ActiveCfg = Debug|Any CPU
		{A81D1DE4-C8C2-4630-AAE9-D625706999A9}.Debug|Any CPU.Build.0 = Debug|Any CPU
		{A81D1DE4-C8C2-4630-AAE9-D625706999A9}.Release|Any CPU.ActiveCfg = Release|Any CPU
		{A81D1DE4-C8C2-4630-AAE9-D625706999A9}.Release|Any CPU.Build.0 = Release|Any CPU
		{3BE1235A-2A75-442A-B32D-7AE36D83FE47}.Debug|Any CPU.ActiveCfg = Debug|Any CPU
		{3BE1235A-2A75-442A-B32D-7AE36D83FE47}.Debug|Any CPU.Build.0 = Debug|Any CPU
		{3BE1235A-2A75-442A-B32D-7AE36D83FE47}.Release|Any CPU.ActiveCfg = Release|Any CPU
		{3BE1235A-2A75-442A-B32D-7AE36D83FE47}.Release|Any CPU.Build.0 = Release|Any CPU
		{4337B609-C2D1-4CB4-909F-3EE996D9CC57}.Debug|Any CPU.ActiveCfg = Debug|Any CPU
		{4337B609-C2D1-4CB4-909F-3EE996D9CC57}.Debug|Any CPU.Build.0 = Debug|Any CPU
		{4337B609-C2D1-4CB4-909F-3EE996D9CC57}.Release|Any CPU.ActiveCfg = Release|Any CPU
		{4337B609-C2D1-4CB4-909F-3EE996D9CC57}.Release|Any CPU.Build.0 = Release|Any CPU
		{C93F2136-633D-43D2-9293-3B4CD3AC5903}.Debug|Any CPU.ActiveCfg = Debug|Any CPU
		{C93F2136-633D-43D2-9293-3B4CD3AC5903}.Debug|Any CPU.Build.0 = Debug|Any CPU
		{C93F2136-633D-43D2-9293-3B4CD3AC5903}.Release|Any CPU.ActiveCfg = Release|Any CPU
		{C93F2136-633D-43D2-9293-3B4CD3AC5903}.Release|Any CPU.Build.0 = Release|Any CPU
	EndGlobalSection
	GlobalSection(SolutionProperties) = preSolution
		HideSolutionNode = FALSE
	EndGlobalSection
	GlobalSection(NestedProjects) = preSolution
		{EDF5F583-9E56-4069-9D9E-5491309FB6A8} = {145B09E5-E8CF-4650-B3C0-33446948266D}
		{E46AF3AA-AD46-47DE-9AB7-E24DC00F0FA2} = {145B09E5-E8CF-4650-B3C0-33446948266D}
		{A81D1DE4-C8C2-4630-AAE9-D625706999A9} = {145B09E5-E8CF-4650-B3C0-33446948266D}
		{3BE1235A-2A75-442A-B32D-7AE36D83FE47} = {145B09E5-E8CF-4650-B3C0-33446948266D}
		{4337B609-C2D1-4CB4-909F-3EE996D9CC57} = {145B09E5-E8CF-4650-B3C0-33446948266D}
		{C93F2136-633D-43D2-9293-3B4CD3AC5903} = {9318632C-1C6C-491D-BF60-069EC9E5710B}
	EndGlobalSection
	GlobalSection(ExtensibilityGlobals) = postSolution
		SolutionGuid = {CFD9EA53-D4BA-4613-A762-06F4EDCFDFD6}
	EndGlobalSection
EndGlobal
