
Microsoft Visual Studio Solution File, Format Version 12.00
# Visual Studio Version 16
VisualStudioVersion = 16.0.30717.126
MinimumVisualStudioVersion = 10.0.40219.1
Project("{2150E333-8FDC-42A3-9474-1A3956D46DE8}") = "src", "src", "{145B09E5-E8CF-4650-B3C0-33446948266D}"
EndProject
Project("{2150E333-8FDC-42A3-9474-1A3956D46DE8}") = "test", "test", "{9318632C-1C6C-491D-BF60-069EC9E5710B}"
EndProject
Project("{2150E333-8FDC-42A3-9474-1A3956D46DE8}") = ".global", ".global", "{A2FF5113-F3BF-4499-BD76-209A856307C7}"
	ProjectSection(SolutionItems) = preProject
		Package.cmd = Package.cmd
		ReadMe.md = ReadMe.md
	EndProjectSection
EndProject
Project("{9A19103F-16F7-4668-BE54-9A1E7A4F7556}") = "OrvilleX", "src\OrvilleX\OrvilleX.csproj", "{EDF5F583-9E56-4069-9D9E-5491309FB6A8}"
EndProject
Project("{2150E333-8FDC-42A3-9474-1A3956D46DE8}") = "docs", "docs", "{C95E47E7-C12B-4240-B2F8-4A928FC1A740}"
	ProjectSection(SolutionItems) = preProject
		docs\OrvilleX.md = docs\OrvilleX.md
		docs\OrvilleXAutoIndex.md = docs\OrvilleXAutoIndex.md
		docs\OrvilleXAutoMapper.md = docs\OrvilleXAutoMapper.md
		docs\OrvilleXDependency.md = docs\OrvilleXDependency.md
		docs\OrvilleXEventBus.md = docs\OrvilleXEventBus.md
		docs\OrvilleXRedis.md = docs\OrvilleXRedis.md
	EndProjectSection
EndProject
Project("{9A19103F-16F7-4668-BE54-9A1E7A4F7556}") = "OrvilleX.Dapper", "src\OrvilleX.Dapper\OrvilleX.Dapper.csproj", "{E46AF3AA-AD46-47DE-9AB7-E24DC00F0FA2}"
EndProject
Project("{9A19103F-16F7-4668-BE54-9A1E7A4F7556}") = "OrvilleX.Cache", "src\OrvilleX.Cache\OrvilleX.Cache.csproj", "{A81D1DE4-C8C2-4630-AAE9-D625706999A9}"
EndProject
Project("{9A19103F-16F7-4668-BE54-9A1E7A4F7556}") = "OrvilleX.EventBus", "src\OrvilleX.EventBus\OrvilleX.EventBus.csproj", "{3BE1235A-2A75-442A-B32D-7AE36D83FE47}"
EndProject
Project("{9A19103F-16F7-4668-BE54-9A1E7A4F7556}") = "OrvilleX.AutoIndex", "src\OrvilleX.AutoIndex\OrvilleX.AutoIndex.csproj", "{4337B609-C2D1-4CB4-909F-3EE996D9CC57}"
EndProject
Project("{9A19103F-16F7-4668-BE54-9A1E7A4F7556}") = "OrvilleXTest", "test\OrvilleXTest\OrvilleXTest.csproj", "{C93F2136-633D-43D2-9293-3B4CD3AC5903}"
EndProject
Project("{9A19103F-16F7-4668-BE54-9A1E7A4F7556}") = "OrvilleXCacheTest", "test\OrvilleXCacheTest\OrvilleXCacheTest.csproj", "{614BF80A-4C9A-487B-8457-AC885851A1EC}"
EndProject
Project("{9A19103F-16F7-4668-BE54-9A1E7A4F7556}") = "OrvilleXIntegrationTest", "test\OrvilleXIntegrationTest\OrvilleXIntegrationTest.csproj", "{91BB4C4E-6C8B-4946-8E10-9BAD71C2625E}"
EndProject
Project("{9A19103F-16F7-4668-BE54-9A1E7A4F7556}") = "OrvilleXAutoIndexTest", "test\OrvilleXAutoIndexTest\OrvilleXAutoIndexTest.csproj", "{358DABD1-BB18-4A43-A002-6AFA1E3E4EC4}"
EndProject
Project("{9A19103F-16F7-4668-BE54-9A1E7A4F7556}") = "BenchmarkTest", "test\BenchmarkTest\BenchmarkTest.csproj", "{6C31E325-5875-4D74-8A55-8A078072E7B9}"
EndProject
Project("{9A19103F-16F7-4668-BE54-9A1E7A4F7556}") = "OrvilleX.MongoDB", "src\OrvilleX.MongoDB\OrvilleX.MongoDB.csproj", "{2ACF3BCF-7B72-4BF1-9337-EBC2221423DD}"
EndProject
Project("{9A19103F-16F7-4668-BE54-9A1E7A4F7556}") = "OrvilleX.AutoMapper", "src\OrvilleX.AutoMapper\OrvilleX.AutoMapper.csproj", "{FE10C9FE-AE8E-4DCD-A1E8-EA43B2973ECF}"
EndProject
Project("{9A19103F-16F7-4668-BE54-9A1E7A4F7556}") = "OrvilleX.FileManager", "src\OrvilleX.File\OrvilleX.FileManager.csproj", "{CFFA6F2E-BAB1-4BF0-B546-A3590C42FAFC}"
EndProject
Project("{9A19103F-16F7-4668-BE54-9A1E7A4F7556}") = "OrvilleX.Core", "src\OrvilleX.Core\OrvilleX.Core.csproj", "{814B7C53-80E1-4F2A-8633-9079CDB411A9}"
EndProject
Global
	GlobalSection(SolutionConfigurationPlatforms) = preSolution
		Debug|Any CPU = Debug|Any CPU
		Release|Any CPU = Release|Any CPU
	EndGlobalSection
	GlobalSection(ProjectConfigurationPlatforms) = postSolution
		{EDF5F583-9E56-4069-9D9E-5491309FB6A8}.Debug|Any CPU.ActiveCfg = Debug|Any CPU
		{EDF5F583-9E56-4069-9D9E-5491309FB6A8}.Debug|Any CPU.Build.0 = Debug|Any CPU
		{EDF5F583-9E56-4069-9D9E-5491309FB6A8}.Release|Any CPU.ActiveCfg = Release|Any CPU
		{EDF5F583-9E56-4069-9D9E-5491309FB6A8}.Release|Any CPU.Build.0 = Release|Any CPU
		{E46AF3AA-AD46-47DE-9AB7-E24DC00F0FA2}.Debug|Any CPU.ActiveCfg = Debug|Any CPU
		{E46AF3AA-AD46-47DE-9AB7-E24DC00F0FA2}.Debug|Any CPU.Build.0 = Debug|Any CPU
		{E46AF3AA-AD46-47DE-9AB7-E24DC00F0FA2}.Release|Any CPU.ActiveCfg = Release|Any CPU
		{E46AF3AA-AD46-47DE-9AB7-E24DC00F0FA2}.Release|Any CPU.Build.0 = Release|Any CPU
		{A81D1DE4-C8C2-4630-AAE9-D625706999A9}.Debug|Any CPU.ActiveCfg = Debug|Any CPU
		{A81D1DE4-C8C2-4630-AAE9-D625706999A9}.Debug|Any CPU.Build.0 = Debug|Any CPU
		{A81D1DE4-C8C2-4630-AAE9-D625706999A9}.Release|Any CPU.ActiveCfg = Release|Any CPU
		{A81D1DE4-C8C2-4630-AAE9-D625706999A9}.Release|Any CPU.Build.0 = Release|Any CPU
		{3BE1235A-2A75-442A-B32D-7AE36D83FE47}.Debug|Any CPU.ActiveCfg = Debug|Any CPU
		{3BE1235A-2A75-442A-B32D-7AE36D83FE47}.Debug|Any CPU.Build.0 = Debug|Any CPU
		{3BE1235A-2A75-442A-B32D-7AE36D83FE47}.Release|Any CPU.ActiveCfg = Release|Any CPU
		{3BE1235A-2A75-442A-B32D-7AE36D83FE47}.Release|Any CPU.Build.0 = Release|Any CPU
		{4337B609-C2D1-4CB4-909F-3EE996D9CC57}.Debug|Any CPU.ActiveCfg = Debug|Any CPU
		{4337B609-C2D1-4CB4-909F-3EE996D9CC57}.Debug|Any CPU.Build.0 = Debug|Any CPU
		{4337B609-C2D1-4CB4-909F-3EE996D9CC57}.Release|Any CPU.ActiveCfg = Release|Any CPU
		{4337B609-C2D1-4CB4-909F-3EE996D9CC57}.Release|Any CPU.Build.0 = Release|Any CPU
		{C93F2136-633D-43D2-9293-3B4CD3AC5903}.Debug|Any CPU.ActiveCfg = Debug|Any CPU
		{C93F2136-633D-43D2-9293-3B4CD3AC5903}.Debug|Any CPU.Build.0 = Debug|Any CPU
		{C93F2136-633D-43D2-9293-3B4CD3AC5903}.Release|Any CPU.ActiveCfg = Release|Any CPU
		{C93F2136-633D-43D2-9293-3B4CD3AC5903}.Release|Any CPU.Build.0 = Release|Any CPU
		{614BF80A-4C9A-487B-8457-AC885851A1EC}.Debug|Any CPU.ActiveCfg = Debug|Any CPU
		{614BF80A-4C9A-487B-8457-AC885851A1EC}.Debug|Any CPU.Build.0 = Debug|Any CPU
		{614BF80A-4C9A-487B-8457-AC885851A1EC}.Release|Any CPU.ActiveCfg = Release|Any CPU
		{614BF80A-4C9A-487B-8457-AC885851A1EC}.Release|Any CPU.Build.0 = Release|Any CPU
		{91BB4C4E-6C8B-4946-8E10-9BAD71C2625E}.Debug|Any CPU.ActiveCfg = Debug|Any CPU
		{91BB4C4E-6C8B-4946-8E10-9BAD71C2625E}.Debug|Any CPU.Build.0 = Debug|Any CPU
		{91BB4C4E-6C8B-4946-8E10-9BAD71C2625E}.Release|Any CPU.ActiveCfg = Release|Any CPU
		{91BB4C4E-6C8B-4946-8E10-9BAD71C2625E}.Release|Any CPU.Build.0 = Release|Any CPU
		{358DABD1-BB18-4A43-A002-6AFA1E3E4EC4}.Debug|Any CPU.ActiveCfg = Debug|Any CPU
		{358DABD1-BB18-4A43-A002-6AFA1E3E4EC4}.Debug|Any CPU.Build.0 = Debug|Any CPU
		{358DABD1-BB18-4A43-A002-6AFA1E3E4EC4}.Release|Any CPU.ActiveCfg = Release|Any CPU
		{358DABD1-BB18-4A43-A002-6AFA1E3E4EC4}.Release|Any CPU.Build.0 = Release|Any CPU
		{6C31E325-5875-4D74-8A55-8A078072E7B9}.Debug|Any CPU.ActiveCfg = Debug|Any CPU
		{6C31E325-5875-4D74-8A55-8A078072E7B9}.Debug|Any CPU.Build.0 = Debug|Any CPU
		{6C31E325-5875-4D74-8A55-8A078072E7B9}.Release|Any CPU.ActiveCfg = Release|Any CPU
		{6C31E325-5875-4D74-8A55-8A078072E7B9}.Release|Any CPU.Build.0 = Release|Any CPU
		{2ACF3BCF-7B72-4BF1-9337-EBC2221423DD}.Debug|Any CPU.ActiveCfg = Debug|Any CPU
		{2ACF3BCF-7B72-4BF1-9337-EBC2221423DD}.Debug|Any CPU.Build.0 = Debug|Any CPU
		{2ACF3BCF-7B72-4BF1-9337-EBC2221423DD}.Release|Any CPU.ActiveCfg = Release|Any CPU
		{2ACF3BCF-7B72-4BF1-9337-EBC2221423DD}.Release|Any CPU.Build.0 = Release|Any CPU
		{FE10C9FE-AE8E-4DCD-A1E8-EA43B2973ECF}.Debug|Any CPU.ActiveCfg = Debug|Any CPU
		{FE10C9FE-AE8E-4DCD-A1E8-EA43B2973ECF}.Debug|Any CPU.Build.0 = Debug|Any CPU
		{FE10C9FE-AE8E-4DCD-A1E8-EA43B2973ECF}.Release|Any CPU.ActiveCfg = Release|Any CPU
		{FE10C9FE-AE8E-4DCD-A1E8-EA43B2973ECF}.Release|Any CPU.Build.0 = Release|Any CPU
		{CFFA6F2E-BAB1-4BF0-B546-A3590C42FAFC}.Debug|Any CPU.ActiveCfg = Debug|Any CPU
		{CFFA6F2E-BAB1-4BF0-B546-A3590C42FAFC}.Debug|Any CPU.Build.0 = Debug|Any CPU
		{CFFA6F2E-BAB1-4BF0-B546-A3590C42FAFC}.Release|Any CPU.ActiveCfg = Release|Any CPU
		{CFFA6F2E-BAB1-4BF0-B546-A3590C42FAFC}.Release|Any CPU.Build.0 = Release|Any CPU
		{814B7C53-80E1-4F2A-8633-9079CDB411A9}.Debug|Any CPU.ActiveCfg = Debug|Any CPU
		{814B7C53-80E1-4F2A-8633-9079CDB411A9}.Debug|Any CPU.Build.0 = Debug|Any CPU
		{814B7C53-80E1-4F2A-8633-9079CDB411A9}.Release|Any CPU.ActiveCfg = Release|Any CPU
		{814B7C53-80E1-4F2A-8633-9079CDB411A9}.Release|Any CPU.Build.0 = Release|Any CPU
	EndGlobalSection
	GlobalSection(SolutionProperties) = preSolution
		HideSolutionNode = FALSE
	EndGlobalSection
	GlobalSection(NestedProjects) = preSolution
		{EDF5F583-9E56-4069-9D9E-5491309FB6A8} = {145B09E5-E8CF-4650-B3C0-33446948266D}
		{E46AF3AA-AD46-47DE-9AB7-E24DC00F0FA2} = {145B09E5-E8CF-4650-B3C0-33446948266D}
		{A81D1DE4-C8C2-4630-AAE9-D625706999A9} = {145B09E5-E8CF-4650-B3C0-33446948266D}
		{3BE1235A-2A75-442A-B32D-7AE36D83FE47} = {145B09E5-E8CF-4650-B3C0-33446948266D}
		{4337B609-C2D1-4CB4-909F-3EE996D9CC57} = {145B09E5-E8CF-4650-B3C0-33446948266D}
		{C93F2136-633D-43D2-9293-3B4CD3AC5903} = {9318632C-1C6C-491D-BF60-069EC9E5710B}
		{614BF80A-4C9A-487B-8457-AC885851A1EC} = {9318632C-1C6C-491D-BF60-069EC9E5710B}
		{91BB4C4E-6C8B-4946-8E10-9BAD71C2625E} = {9318632C-1C6C-491D-BF60-069EC9E5710B}
		{358DABD1-BB18-4A43-A002-6AFA1E3E4EC4} = {9318632C-1C6C-491D-BF60-069EC9E5710B}
		{6C31E325-5875-4D74-8A55-8A078072E7B9} = {9318632C-1C6C-491D-BF60-069EC9E5710B}
		{2ACF3BCF-7B72-4BF1-9337-EBC2221423DD} = {145B09E5-E8CF-4650-B3C0-33446948266D}
		{FE10C9FE-AE8E-4DCD-A1E8-EA43B2973ECF} = {145B09E5-E8CF-4650-B3C0-33446948266D}
		{CFFA6F2E-BAB1-4BF0-B546-A3590C42FAFC} = {145B09E5-E8CF-4650-B3C0-33446948266D}
		{814B7C53-80E1-4F2A-8633-9079CDB411A9} = {145B09E5-E8CF-4650-B3C0-33446948266D}
	EndGlobalSection
	GlobalSection(ExtensibilityGlobals) = postSolution
		SolutionGuid = {CFD9EA53-D4BA-4613-A762-06F4EDCFDFD6}
	EndGlobalSection
EndGlobal
