
Microsoft Visual Studio Solution File, Format Version 12.00
# Visual Studio Version 16
VisualStudioVersion = 16.0.30309.148
MinimumVisualStudioVersion = 10.0.40219.1
Project("{2150E333-8FDC-42A3-9474-1A3956D46DE8}") = "src", "src", "{FB3F4AC3-90A3-43DF-B6DF-626980EC93D0}"
EndProject
Project("{2150E333-8FDC-42A3-9474-1A3956D46DE8}") = "test", "test", "{5690169A-9A53-40FB-A334-8568C130C933}"
EndProject
Project("{9A19103F-16F7-4668-BE54-9A1E7A4F7556}") = "Sino.Web", "src\Sino.Web\Sino.Web.csproj", "{FEE0C519-2883-48A8-89B5-25E04D62BF50}"
EndProject
Project("{2150E333-8FDC-42A3-9474-1A3956D46DE8}") = ".global", ".global", "{237BDD08-56EC-4365-82E2-A553F674C16D}"
	ProjectSection(SolutionItems) = preProject
		ReadMe.md = ReadMe.md
	EndProjectSection
EndProject
Project("{2150E333-8FDC-42A3-9474-1A3956D46DE8}") = "docs", "docs", "{93BB9B41-565F-491E-A96B-84C9014F3244}"
	ProjectSection(SolutionItems) = preProject
		docs\Sino_AutoIndex.md = docs\Sino_AutoIndex.md
		docs\Sino_Web.md = docs\Sino_Web.md
		docs\Sino_Web_Dependency.md = docs\Sino_Web_Dependency.md
	EndProjectSection
EndProject
Project("{9A19103F-16F7-4668-BE54-9A1E7A4F7556}") = "Sino.Web.Test", "test\Sino.Web.Test\Sino.Web.Test.csproj", "{D34BA19C-7549-4BDD-A4BA-67A6ABC156AE}"
EndProject
Project("{9A19103F-16F7-4668-BE54-9A1E7A4F7556}") = "Sino.Extensions.Dapper", "src\Sino.Extensions.Dapper\Sino.Extensions.Dapper.csproj", "{F6D3A9A8-08EC-453F-A4BA-187C311601A2}"
EndProject
Project("{9A19103F-16F7-4668-BE54-9A1E7A4F7556}") = "Sino.Extensions.EventBus", "src\Sino.Extensions.EventBus\Sino.Extensions.EventBus.csproj", "{373DCB56-AFCD-4558-AB8C-5E5AC9B3E49F}"
EndProject
Project("{9A19103F-16F7-4668-BE54-9A1E7A4F7556}") = "Sino.Extensions.Aliyun", "src\Sino.Extensions.Aliyun\Sino.Extensions.Aliyun.csproj", "{CEC47063-2EED-485C-93D9-88B5818F6903}"
EndProject
Project("{9A19103F-16F7-4668-BE54-9A1E7A4F7556}") = "Sino.IntegrationTest", "test\Sino.IntegrationTest\Sino.IntegrationTest.csproj", "{626A0F11-C46E-4455-9BA2-45C8B36DA907}"
EndProject
Project("{9A19103F-16F7-4668-BE54-9A1E7A4F7556}") = "Sino.Extensions.AutoIndex", "src\Sino.Extensions.AutoIndex\Sino.Extensions.AutoIndex.csproj", "{A52BE9DB-BBD2-40F1-A757-9C79359625F5}"
EndProject
Project("{FAE04EC0-301F-11D3-BF4B-00C04F79EFBC}") = "Sino.AutoIndexTest", "src\Sino.AutoIndexTest\Sino.AutoIndexTest.csproj", "{097BA66B-1777-42E2-A333-3DFB501E0B5B}"
EndProject
Global
	GlobalSection(SolutionConfigurationPlatforms) = preSolution
		Debug|Any CPU = Debug|Any CPU
		Release|Any CPU = Release|Any CPU
	EndGlobalSection
	GlobalSection(ProjectConfigurationPlatforms) = postSolution
		{FEE0C519-2883-48A8-89B5-25E04D62BF50}.Debug|Any CPU.ActiveCfg = Debug|Any CPU
		{FEE0C519-2883-48A8-89B5-25E04D62BF50}.Debug|Any CPU.Build.0 = Debug|Any CPU
		{FEE0C519-2883-48A8-89B5-25E04D62BF50}.Release|Any CPU.ActiveCfg = Release|Any CPU
		{FEE0C519-2883-48A8-89B5-25E04D62BF50}.Release|Any CPU.Build.0 = Release|Any CPU
		{D34BA19C-7549-4BDD-A4BA-67A6ABC156AE}.Debug|Any CPU.ActiveCfg = Debug|Any CPU
		{D34BA19C-7549-4BDD-A4BA-67A6ABC156AE}.Debug|Any CPU.Build.0 = Debug|Any CPU
		{D34BA19C-7549-4BDD-A4BA-67A6ABC156AE}.Release|Any CPU.ActiveCfg = Release|Any CPU
		{D34BA19C-7549-4BDD-A4BA-67A6ABC156AE}.Release|Any CPU.Build.0 = Release|Any CPU
		{F6D3A9A8-08EC-453F-A4BA-187C311601A2}.Debug|Any CPU.ActiveCfg = Debug|Any CPU
		{F6D3A9A8-08EC-453F-A4BA-187C311601A2}.Debug|Any CPU.Build.0 = Debug|Any CPU
		{F6D3A9A8-08EC-453F-A4BA-187C311601A2}.Release|Any CPU.ActiveCfg = Release|Any CPU
		{F6D3A9A8-08EC-453F-A4BA-187C311601A2}.Release|Any CPU.Build.0 = Release|Any CPU
		{373DCB56-AFCD-4558-AB8C-5E5AC9B3E49F}.Debug|Any CPU.ActiveCfg = Debug|Any CPU
		{373DCB56-AFCD-4558-AB8C-5E5AC9B3E49F}.Debug|Any CPU.Build.0 = Debug|Any CPU
		{373DCB56-AFCD-4558-AB8C-5E5AC9B3E49F}.Release|Any CPU.ActiveCfg = Release|Any CPU
		{373DCB56-AFCD-4558-AB8C-5E5AC9B3E49F}.Release|Any CPU.Build.0 = Release|Any CPU
		{CEC47063-2EED-485C-93D9-88B5818F6903}.Debug|Any CPU.ActiveCfg = Debug|Any CPU
		{CEC47063-2EED-485C-93D9-88B5818F6903}.Debug|Any CPU.Build.0 = Debug|Any CPU
		{CEC47063-2EED-485C-93D9-88B5818F6903}.Release|Any CPU.ActiveCfg = Release|Any CPU
		{CEC47063-2EED-485C-93D9-88B5818F6903}.Release|Any CPU.Build.0 = Release|Any CPU
		{626A0F11-C46E-4455-9BA2-45C8B36DA907}.Debug|Any CPU.ActiveCfg = Debug|Any CPU
		{626A0F11-C46E-4455-9BA2-45C8B36DA907}.Debug|Any CPU.Build.0 = Debug|Any CPU
		{626A0F11-C46E-4455-9BA2-45C8B36DA907}.Release|Any CPU.ActiveCfg = Release|Any CPU
		{626A0F11-C46E-4455-9BA2-45C8B36DA907}.Release|Any CPU.Build.0 = Release|Any CPU
		{A52BE9DB-BBD2-40F1-A757-9C79359625F5}.Debug|Any CPU.ActiveCfg = Debug|Any CPU
		{A52BE9DB-BBD2-40F1-A757-9C79359625F5}.Debug|Any CPU.Build.0 = Debug|Any CPU
		{A52BE9DB-BBD2-40F1-A757-9C79359625F5}.Release|Any CPU.ActiveCfg = Release|Any CPU
		{A52BE9DB-BBD2-40F1-A757-9C79359625F5}.Release|Any CPU.Build.0 = Release|Any CPU
		{097BA66B-1777-42E2-A333-3DFB501E0B5B}.Debug|Any CPU.ActiveCfg = Debug|Any CPU
		{097BA66B-1777-42E2-A333-3DFB501E0B5B}.Debug|Any CPU.Build.0 = Debug|Any CPU
		{097BA66B-1777-42E2-A333-3DFB501E0B5B}.Release|Any CPU.ActiveCfg = Release|Any CPU
		{097BA66B-1777-42E2-A333-3DFB501E0B5B}.Release|Any CPU.Build.0 = Release|Any CPU
	EndGlobalSection
	GlobalSection(SolutionProperties) = preSolution
		HideSolutionNode = FALSE
	EndGlobalSection
	GlobalSection(NestedProjects) = preSolution
		{FEE0C519-2883-48A8-89B5-25E04D62BF50} = {FB3F4AC3-90A3-43DF-B6DF-626980EC93D0}
		{D34BA19C-7549-4BDD-A4BA-67A6ABC156AE} = {5690169A-9A53-40FB-A334-8568C130C933}
		{F6D3A9A8-08EC-453F-A4BA-187C311601A2} = {FB3F4AC3-90A3-43DF-B6DF-626980EC93D0}
		{373DCB56-AFCD-4558-AB8C-5E5AC9B3E49F} = {FB3F4AC3-90A3-43DF-B6DF-626980EC93D0}
		{CEC47063-2EED-485C-93D9-88B5818F6903} = {FB3F4AC3-90A3-43DF-B6DF-626980EC93D0}
		{626A0F11-C46E-4455-9BA2-45C8B36DA907} = {5690169A-9A53-40FB-A334-8568C130C933}
		{A52BE9DB-BBD2-40F1-A757-9C79359625F5} = {FB3F4AC3-90A3-43DF-B6DF-626980EC93D0}
		{097BA66B-1777-42E2-A333-3DFB501E0B5B} = {5690169A-9A53-40FB-A334-8568C130C933}
	EndGlobalSection
	GlobalSection(ExtensibilityGlobals) = postSolution
		SolutionGuid = {13DB2F97-1074-464D-B816-32C912BFB68B}
	EndGlobalSection
EndGlobal
